
Microsoft Visual Studio Solution File, Format Version 12.00
# Visual Studio Version 17
VisualStudioVersion = 17.6.33815.320
MinimumVisualStudioVersion = 10.0.40219.1
Project("{FAE04EC0-301F-11D3-BF4B-00C04F79EFBC}") = "WebApplication2", "WebApplication2\WebApplication2.csproj", "{51E30D18-51DB-481D-86A0-C1B73C2676E2}"
EndProject
Global
	GlobalSection(SolutionConfigurationPlatforms) = preSolution
		Debug|Any CPU = Debug|Any CPU
		Release|Any CPU = Release|Any CPU
	EndGlobalSection
	GlobalSection(ProjectConfigurationPlatforms) = postSolution
		{51E30D18-51DB-481D-86A0-C1B73C2676E2}.Debug|Any CPU.ActiveCfg = Debug|Any CPU
		{51E30D18-51DB-481D-86A0-C1B73C2676E2}.Debug|Any CPU.Build.0 = Debug|Any CPU
		{51E30D18-51DB-481D-86A0-C1B73C2676E2}.Release|Any CPU.ActiveCfg = Release|Any CPU
		{51E30D18-51DB-481D-86A0-C1B73C2676E2}.Release|Any CPU.Build.0 = Release|Any CPU
	EndGlobalSection
	GlobalSection(SolutionProperties) = preSolution
		HideSolutionNode = FALSE
	EndGlobalSection
	GlobalSection(ExtensibilityGlobals) = postSolution
		SolutionGuid = {F1CA655C-B7E6-4585-8D35-452C57EB0BCD}
	EndGlobalSection
EndGlobal
